
Microsoft Visual Studio Solution File, Format Version 12.00
# Visual Studio 2013
VisualStudioVersion = 12.0.30110.0
MinimumVisualStudioVersion = 10.0.40219.1
Project("{FAE04EC0-301F-11D3-BF4B-00C04F79EFBC}") = "OfficeFileProperties", "OfficeFileProperties\OfficeFileProperties.csproj", "{E0851A95-9FB5-4C6A-8C02-5F356A15A952}"
EndProject
Project("{2150E333-8FDC-42A3-9474-1A3956D46DE8}") = "Libraries", "Libraries", "{443DDFA1-0529-42C4-93DC-39A418E316AC}"
EndProject
Project("{2150E333-8FDC-42A3-9474-1A3956D46DE8}") = "DSOFIle", "DSOFIle", "{9887F9BB-E912-4BE6-9B84-72B9418BAA5E}"
	ProjectSection(SolutionItems) = preProject
		Libraries\DSOFile\dsofile.dll = Libraries\DSOFile\dsofile.dll
		Libraries\DSOFile\Interop.Dsofile.dll = Libraries\DSOFile\Interop.Dsofile.dll
	EndProjectSection
EndProject
Global
	GlobalSection(TeamFoundationVersionControl) = preSolution
		SccNumberOfProjects = 2
		SccEnterpriseProvider = {4CA58AB2-18FA-4F8D-95D4-32DDF27D184C}
		SccTeamFoundationServer = https://tfs.codeplex.com/tfs/tfs22
		SccLocalPath0 = .
		SccProjectUniqueName1 = OfficeFileProperties\\OfficeFileProperties.csproj
		SccProjectName1 = OfficeFileProperties
		SccLocalPath1 = OfficeFileProperties
	EndGlobalSection
	GlobalSection(SolutionConfigurationPlatforms) = preSolution
		Debug|Any CPU = Debug|Any CPU
		Release|Any CPU = Release|Any CPU
	EndGlobalSection
	GlobalSection(ProjectConfigurationPlatforms) = postSolution
		{E0851A95-9FB5-4C6A-8C02-5F356A15A952}.Debug|Any CPU.ActiveCfg = Debug|Any CPU
		{E0851A95-9FB5-4C6A-8C02-5F356A15A952}.Debug|Any CPU.Build.0 = Debug|Any CPU
		{E0851A95-9FB5-4C6A-8C02-5F356A15A952}.Release|Any CPU.ActiveCfg = Release|Any CPU
		{E0851A95-9FB5-4C6A-8C02-5F356A15A952}.Release|Any CPU.Build.0 = Release|Any CPU
	EndGlobalSection
	GlobalSection(SolutionProperties) = preSolution
		HideSolutionNode = FALSE
	EndGlobalSection
	GlobalSection(NestedProjects) = preSolution
		{9887F9BB-E912-4BE6-9B84-72B9418BAA5E} = {443DDFA1-0529-42C4-93DC-39A418E316AC}
	EndGlobalSection
EndGlobal
